// !$*UTF8*$!
{
	archiveVersion = 1;
	classes = {
	};
	objectVersion = 51;
	objects = {

/* Begin PBXBuildFile section */
		9058A1A240B3BE277D5DB12D /* Pods_Willcommen.framework in Frameworks */ = {isa = PBXBuildFile; fileRef = 56996D442923884583D63D2C /* Pods_Willcommen.framework */; };
		D10D28182654CDBC00ACE855 /* AppUser.swift in Sources */ = {isa = PBXBuildFile; fileRef = D10D28172654CDBC00ACE855 /* AppUser.swift */; };
		D10D281A2654D1BF00ACE855 /* CircleImage.swift in Sources */ = {isa = PBXBuildFile; fileRef = D10D28192654D1BF00ACE855 /* CircleImage.swift */; };
		D10D281F2654DBED00ACE855 /* Messagecell.swift in Sources */ = {isa = PBXBuildFile; fileRef = D10D281D2654DBED00ACE855 /* Messagecell.swift */; };
		D10D28202654DBED00ACE855 /* Messagecell.xib in Resources */ = {isa = PBXBuildFile; fileRef = D10D281E2654DBED00ACE855 /* Messagecell.xib */; };
		D11282E6267B46E80023F490 /* MessageDetailvc.swift in Sources */ = {isa = PBXBuildFile; fileRef = D11282E5267B46E80023F490 /* MessageDetailvc.swift */; };
		D1147BF22653647200A0E533 /* UserImagescell.swift in Sources */ = {isa = PBXBuildFile; fileRef = D1147BF12653647200A0E533 /* UserImagescell.swift */; };
		D1147BF4265364B400A0E533 /* UserImagesColl.swift in Sources */ = {isa = PBXBuildFile; fileRef = D1147BF3265364B400A0E533 /* UserImagesColl.swift */; };
		D1147BF62653661500A0E533 /* customnav.swift in Sources */ = {isa = PBXBuildFile; fileRef = D1147BF52653661500A0E533 /* customnav.swift */; };
		D16CD29D2651747200B5B9B9 /* SigninVC.swift in Sources */ = {isa = PBXBuildFile; fileRef = D16CD29C2651747200B5B9B9 /* SigninVC.swift */; };
		D16CD29F26517FA500B5B9B9 /* ForgotpassVC.swift in Sources */ = {isa = PBXBuildFile; fileRef = D16CD29E26517FA500B5B9B9 /* ForgotpassVC.swift */; };
		D16CD2A12651943600B5B9B9 /* MessagesVC.swift in Sources */ = {isa = PBXBuildFile; fileRef = D16CD2A02651943600B5B9B9 /* MessagesVC.swift */; };
		D16CD2A32651945500B5B9B9 /* CallsVC.swift in Sources */ = {isa = PBXBuildFile; fileRef = D16CD2A22651945500B5B9B9 /* CallsVC.swift */; };
		D16CD2A52651946C00B5B9B9 /* CameraVC.swift in Sources */ = {isa = PBXBuildFile; fileRef = D16CD2A42651946C00B5B9B9 /* CameraVC.swift */; };
		D16CD2A72651948100B5B9B9 /* SettingsVC.swift in Sources */ = {isa = PBXBuildFile; fileRef = D16CD2A62651948100B5B9B9 /* SettingsVC.swift */; };
		D16CD2A92651991E00B5B9B9 /* PassresetSignVC.swift in Sources */ = {isa = PBXBuildFile; fileRef = D16CD2A82651991E00B5B9B9 /* PassresetSignVC.swift */; };
		D1AB19C8267B99E10019E6EE /* ChatModels.swift in Sources */ = {isa = PBXBuildFile; fileRef = D1AB19C7267B99E10019E6EE /* ChatModels.swift */; };
		D1ACDA1A264EE3E200779D00 /* AppDelegate.swift in Sources */ = {isa = PBXBuildFile; fileRef = D1ACDA19264EE3E200779D00 /* AppDelegate.swift */; };
		D1ACDA1C264EE3E200779D00 /* SceneDelegate.swift in Sources */ = {isa = PBXBuildFile; fileRef = D1ACDA1B264EE3E200779D00 /* SceneDelegate.swift */; };
		D1ACDA1E264EE3E200779D00 /* WelcomeVC.swift in Sources */ = {isa = PBXBuildFile; fileRef = D1ACDA1D264EE3E200779D00 /* WelcomeVC.swift */; };
		D1ACDA21264EE3E200779D00 /* Main.storyboard in Resources */ = {isa = PBXBuildFile; fileRef = D1ACDA1F264EE3E200779D00 /* Main.storyboard */; };
		D1ACDA23264EE3E400779D00 /* Assets.xcassets in Resources */ = {isa = PBXBuildFile; fileRef = D1ACDA22264EE3E400779D00 /* Assets.xcassets */; };
		D1ACDA26264EE3E400779D00 /* LaunchScreen.storyboard in Resources */ = {isa = PBXBuildFile; fileRef = D1ACDA24264EE3E400779D00 /* LaunchScreen.storyboard */; };
		D1ACDA2F264EF59F00779D00 /* Gradient.swift in Sources */ = {isa = PBXBuildFile; fileRef = D1ACDA2E264EF59F00779D00 /* Gradient.swift */; };
		D1ACDA34264EFD5F00779D00 /* SignupVC.swift in Sources */ = {isa = PBXBuildFile; fileRef = D1ACDA33264EFD5F00779D00 /* SignupVC.swift */; };
		D1ACDA36264F01C900779D00 /* CustomTxtField.swift in Sources */ = {isa = PBXBuildFile; fileRef = D1ACDA35264F01C900779D00 /* CustomTxtField.swift */; };
		D1ACDA38264F0A4700779D00 /* CustomBtn.swift in Sources */ = {isa = PBXBuildFile; fileRef = D1ACDA37264F0A4700779D00 /* CustomBtn.swift */; };
		D1ACDA3A264F276D00779D00 /* ButtonExtension.swift in Sources */ = {isa = PBXBuildFile; fileRef = D1ACDA39264F276D00779D00 /* ButtonExtension.swift */; };
/* End PBXBuildFile section */

/* Begin PBXFileReference section */
		02F4E4BECFB4EF4F237B4887 /* Pods-Willcommen.release.xcconfig */ = {isa = PBXFileReference; includeInIndex = 1; lastKnownFileType = text.xcconfig; name = "Pods-Willcommen.release.xcconfig"; path = "Target Support Files/Pods-Willcommen/Pods-Willcommen.release.xcconfig"; sourceTree = "<group>"; };
		56996D442923884583D63D2C /* Pods_Willcommen.framework */ = {isa = PBXFileReference; explicitFileType = wrapper.framework; includeInIndex = 0; path = Pods_Willcommen.framework; sourceTree = BUILT_PRODUCTS_DIR; };
		CDCF81A4DED080A37ED7C4F5 /* Pods-Willcommen.debug.xcconfig */ = {isa = PBXFileReference; includeInIndex = 1; lastKnownFileType = text.xcconfig; name = "Pods-Willcommen.debug.xcconfig"; path = "Target Support Files/Pods-Willcommen/Pods-Willcommen.debug.xcconfig"; sourceTree = "<group>"; };
		D10D28172654CDBC00ACE855 /* AppUser.swift */ = {isa = PBXFileReference; lastKnownFileType = sourcecode.swift; path = AppUser.swift; sourceTree = "<group>"; };
		D10D28192654D1BF00ACE855 /* CircleImage.swift */ = {isa = PBXFileReference; fileEncoding = 4; lastKnownFileType = sourcecode.swift; path = CircleImage.swift; sourceTree = "<group>"; };
		D10D281D2654DBED00ACE855 /* Messagecell.swift */ = {isa = PBXFileReference; lastKnownFileType = sourcecode.swift; path = Messagecell.swift; sourceTree = "<group>"; };
		D10D281E2654DBED00ACE855 /* Messagecell.xib */ = {isa = PBXFileReference; lastKnownFileType = file.xib; path = Messagecell.xib; sourceTree = "<group>"; };
		D11282E5267B46E80023F490 /* MessageDetailvc.swift */ = {isa = PBXFileReference; lastKnownFileType = sourcecode.swift; path = MessageDetailvc.swift; sourceTree = "<group>"; };
		D1147BF12653647200A0E533 /* UserImagescell.swift */ = {isa = PBXFileReference; lastKnownFileType = sourcecode.swift; path = UserImagescell.swift; sourceTree = "<group>"; };
		D1147BF3265364B400A0E533 /* UserImagesColl.swift */ = {isa = PBXFileReference; lastKnownFileType = sourcecode.swift; path = UserImagesColl.swift; sourceTree = "<group>"; };
		D1147BF52653661500A0E533 /* customnav.swift */ = {isa = PBXFileReference; lastKnownFileType = sourcecode.swift; path = customnav.swift; sourceTree = "<group>"; };
		D16CD29C2651747200B5B9B9 /* SigninVC.swift */ = {isa = PBXFileReference; lastKnownFileType = sourcecode.swift; path = SigninVC.swift; sourceTree = "<group>"; };
		D16CD29E26517FA500B5B9B9 /* ForgotpassVC.swift */ = {isa = PBXFileReference; lastKnownFileType = sourcecode.swift; path = ForgotpassVC.swift; sourceTree = "<group>"; };
		D16CD2A02651943600B5B9B9 /* MessagesVC.swift */ = {isa = PBXFileReference; lastKnownFileType = sourcecode.swift; path = MessagesVC.swift; sourceTree = "<group>"; };
		D16CD2A22651945500B5B9B9 /* CallsVC.swift */ = {isa = PBXFileReference; lastKnownFileType = sourcecode.swift; path = CallsVC.swift; sourceTree = "<group>"; };
		D16CD2A42651946C00B5B9B9 /* CameraVC.swift */ = {isa = PBXFileReference; lastKnownFileType = sourcecode.swift; path = CameraVC.swift; sourceTree = "<group>"; };
		D16CD2A62651948100B5B9B9 /* SettingsVC.swift */ = {isa = PBXFileReference; lastKnownFileType = sourcecode.swift; path = SettingsVC.swift; sourceTree = "<group>"; };
		D16CD2A82651991E00B5B9B9 /* PassresetSignVC.swift */ = {isa = PBXFileReference; lastKnownFileType = sourcecode.swift; path = PassresetSignVC.swift; sourceTree = "<group>"; };
		D1AB19C7267B99E10019E6EE /* ChatModels.swift */ = {isa = PBXFileReference; lastKnownFileType = sourcecode.swift; path = ChatModels.swift; sourceTree = "<group>"; };
		D1ACDA16264EE3E200779D00 /* Willcommen.app */ = {isa = PBXFileReference; explicitFileType = wrapper.application; includeInIndex = 0; path = Willcommen.app; sourceTree = BUILT_PRODUCTS_DIR; };
		D1ACDA19264EE3E200779D00 /* AppDelegate.swift */ = {isa = PBXFileReference; lastKnownFileType = sourcecode.swift; path = AppDelegate.swift; sourceTree = "<group>"; };
		D1ACDA1B264EE3E200779D00 /* SceneDelegate.swift */ = {isa = PBXFileReference; lastKnownFileType = sourcecode.swift; path = SceneDelegate.swift; sourceTree = "<group>"; };
		D1ACDA1D264EE3E200779D00 /* WelcomeVC.swift */ = {isa = PBXFileReference; lastKnownFileType = sourcecode.swift; path = WelcomeVC.swift; sourceTree = "<group>"; };
		D1ACDA20264EE3E200779D00 /* Base */ = {isa = PBXFileReference; lastKnownFileType = file.storyboard; name = Base; path = Base.lproj/Main.storyboard; sourceTree = "<group>"; };
		D1ACDA22264EE3E400779D00 /* Assets.xcassets */ = {isa = PBXFileReference; lastKnownFileType = folder.assetcatalog; path = Assets.xcassets; sourceTree = "<group>"; };
		D1ACDA25264EE3E400779D00 /* Base */ = {isa = PBXFileReference; lastKnownFileType = file.storyboard; name = Base; path = Base.lproj/LaunchScreen.storyboard; sourceTree = "<group>"; };
		D1ACDA27264EE3E400779D00 /* Info.plist */ = {isa = PBXFileReference; lastKnownFileType = text.plist.xml; path = Info.plist; sourceTree = "<group>"; };
		D1ACDA2E264EF59F00779D00 /* Gradient.swift */ = {isa = PBXFileReference; lastKnownFileType = sourcecode.swift; path = Gradient.swift; sourceTree = "<group>"; };
		D1ACDA33264EFD5F00779D00 /* SignupVC.swift */ = {isa = PBXFileReference; lastKnownFileType = sourcecode.swift; path = SignupVC.swift; sourceTree = "<group>"; };
		D1ACDA35264F01C900779D00 /* CustomTxtField.swift */ = {isa = PBXFileReference; lastKnownFileType = sourcecode.swift; path = CustomTxtField.swift; sourceTree = "<group>"; };
		D1ACDA37264F0A4700779D00 /* CustomBtn.swift */ = {isa = PBXFileReference; lastKnownFileType = sourcecode.swift; path = CustomBtn.swift; sourceTree = "<group>"; };
		D1ACDA39264F276D00779D00 /* ButtonExtension.swift */ = {isa = PBXFileReference; lastKnownFileType = sourcecode.swift; path = ButtonExtension.swift; sourceTree = "<group>"; };
/* End PBXFileReference section */

/* Begin PBXFrameworksBuildPhase section */
		D1ACDA13264EE3E200779D00 /* Frameworks */ = {
			isa = PBXFrameworksBuildPhase;
			buildActionMask = 2147483647;
			files = (
				9058A1A240B3BE277D5DB12D /* Pods_Willcommen.framework in Frameworks */,
			);
			runOnlyForDeploymentPostprocessing = 0;
		};
/* End PBXFrameworksBuildPhase section */

/* Begin PBXGroup section */
		53C66027249681C1CA529E65 /* Frameworks */ = {
			isa = PBXGroup;
			children = (
				56996D442923884583D63D2C /* Pods_Willcommen.framework */,
			);
			name = Frameworks;
			sourceTree = "<group>";
		};
		A2CAC554D73DE86C27CA1E97 /* Pods */ = {
			isa = PBXGroup;
			children = (
				CDCF81A4DED080A37ED7C4F5 /* Pods-Willcommen.debug.xcconfig */,
				02F4E4BECFB4EF4F237B4887 /* Pods-Willcommen.release.xcconfig */,
			);
			path = Pods;
			sourceTree = "<group>";
		};
		D1ACDA0D264EE3E200779D00 = {
			isa = PBXGroup;
			children = (
				D1ACDA18264EE3E200779D00 /* Willcommen */,
				D1ACDA17264EE3E200779D00 /* Products */,
				A2CAC554D73DE86C27CA1E97 /* Pods */,
				53C66027249681C1CA529E65 /* Frameworks */,
			);
			sourceTree = "<group>";
		};
		D1ACDA17264EE3E200779D00 /* Products */ = {
			isa = PBXGroup;
			children = (
				D1ACDA16264EE3E200779D00 /* Willcommen.app */,
			);
			name = Products;
			sourceTree = "<group>";
		};
		D1ACDA18264EE3E200779D00 /* Willcommen */ = {
			isa = PBXGroup;
			children = (
				D1ACDA32264EFD1800779D00 /* View */,
				D1ACDA31264EFD0F00779D00 /* Model */,
				D1ACDA30264EFD0100779D00 /* Controller */,
				D1ACDA2D264EF48A00779D00 /* extensions */,
				D1ACDA19264EE3E200779D00 /* AppDelegate.swift */,
				D1ACDA1B264EE3E200779D00 /* SceneDelegate.swift */,
				D1ACDA1D264EE3E200779D00 /* WelcomeVC.swift */,
				D1ACDA1F264EE3E200779D00 /* Main.storyboard */,
				D1ACDA22264EE3E400779D00 /* Assets.xcassets */,
				D1ACDA24264EE3E400779D00 /* LaunchScreen.storyboard */,
				D1ACDA27264EE3E400779D00 /* Info.plist */,
			);
			path = Willcommen;
			sourceTree = "<group>";
		};
		D1ACDA2D264EF48A00779D00 /* extensions */ = {
			isa = PBXGroup;
			children = (
				D10D28192654D1BF00ACE855 /* CircleImage.swift */,
				D1ACDA2E264EF59F00779D00 /* Gradient.swift */,
				D1ACDA35264F01C900779D00 /* CustomTxtField.swift */,
				D1ACDA37264F0A4700779D00 /* CustomBtn.swift */,
				D1ACDA39264F276D00779D00 /* ButtonExtension.swift */,
				D1147BF52653661500A0E533 /* customnav.swift */,
			);
			path = extensions;
			sourceTree = "<group>";
		};
		D1ACDA30264EFD0100779D00 /* Controller */ = {
			isa = PBXGroup;
			children = (
				D1ACDA33264EFD5F00779D00 /* SignupVC.swift */,
				D16CD29C2651747200B5B9B9 /* SigninVC.swift */,
				D16CD29E26517FA500B5B9B9 /* ForgotpassVC.swift */,
				D16CD2A02651943600B5B9B9 /* MessagesVC.swift */,
				D16CD2A22651945500B5B9B9 /* CallsVC.swift */,
				D16CD2A42651946C00B5B9B9 /* CameraVC.swift */,
				D16CD2A62651948100B5B9B9 /* SettingsVC.swift */,
				D16CD2A82651991E00B5B9B9 /* PassresetSignVC.swift */,
				D11282E5267B46E80023F490 /* MessageDetailvc.swift */,
			);
			path = Controller;
			sourceTree = "<group>";
		};
		D1ACDA31264EFD0F00779D00 /* Model */ = {
			isa = PBXGroup;
			children = (
				D10D28172654CDBC00ACE855 /* AppUser.swift */,
				D1AB19C7267B99E10019E6EE /* ChatModels.swift */,
			);
			path = Model;
			sourceTree = "<group>";
		};
		D1ACDA32264EFD1800779D00 /* View */ = {
			isa = PBXGroup;
			children = (
				D1147BF12653647200A0E533 /* UserImagescell.swift */,
				D1147BF3265364B400A0E533 /* UserImagesColl.swift */,
				D10D281D2654DBED00ACE855 /* Messagecell.swift */,
				D10D281E2654DBED00ACE855 /* Messagecell.xib */,
			);
			path = View;
			sourceTree = "<group>";
		};
/* End PBXGroup section */

/* Begin PBXNativeTarget section */
		D1ACDA15264EE3E200779D00 /* Willcommen */ = {
			isa = PBXNativeTarget;
			buildConfigurationList = D1ACDA2A264EE3E400779D00 /* Build configuration list for PBXNativeTarget "Willcommen" */;
			buildPhases = (
				04404E076B6373EE81820D96 /* [CP] Check Pods Manifest.lock */,
				D1ACDA12264EE3E200779D00 /* Sources */,
				D1ACDA13264EE3E200779D00 /* Frameworks */,
				D1ACDA14264EE3E200779D00 /* Resources */,
				6856BA59DDF3A2733053154D /* [CP] Embed Pods Frameworks */,
			);
			buildRules = (
			);
			dependencies = (
			);
			name = Willcommen;
			productName = Willcommen;
			productReference = D1ACDA16264EE3E200779D00 /* Willcommen.app */;
			productType = "com.apple.product-type.application";
		};
/* End PBXNativeTarget section */

/* Begin PBXProject section */
		D1ACDA0E264EE3E200779D00 /* Project object */ = {
			isa = PBXProject;
			attributes = {
				LastSwiftUpdateCheck = 1130;
				LastUpgradeCheck = 1130;
				ORGANIZATIONNAME = moh;
				TargetAttributes = {
					D1ACDA15264EE3E200779D00 = {
						CreatedOnToolsVersion = 11.3.1;
					};
				};
			};
			buildConfigurationList = D1ACDA11264EE3E200779D00 /* Build configuration list for PBXProject "Willcommen" */;
			compatibilityVersion = "Xcode 9.3";
			developmentRegion = en;
			hasScannedForEncodings = 0;
			knownRegions = (
				en,
				Base,
			);
			mainGroup = D1ACDA0D264EE3E200779D00;
			productRefGroup = D1ACDA17264EE3E200779D00 /* Products */;
			projectDirPath = "";
			projectRoot = "";
			targets = (
				D1ACDA15264EE3E200779D00 /* Willcommen */,
			);
		};
/* End PBXProject section */

/* Begin PBXResourcesBuildPhase section */
		D1ACDA14264EE3E200779D00 /* Resources */ = {
			isa = PBXResourcesBuildPhase;
			buildActionMask = 2147483647;
			files = (
				D1ACDA26264EE3E400779D00 /* LaunchScreen.storyboard in Resources */,
				D10D28202654DBED00ACE855 /* Messagecell.xib in Resources */,
				D1ACDA23264EE3E400779D00 /* Assets.xcassets in Resources */,
				D1ACDA21264EE3E200779D00 /* Main.storyboard in Resources */,
			);
			runOnlyForDeploymentPostprocessing = 0;
		};
/* End PBXResourcesBuildPhase section */

/* Begin PBXShellScriptBuildPhase section */
		04404E076B6373EE81820D96 /* [CP] Check Pods Manifest.lock */ = {
			isa = PBXShellScriptBuildPhase;
			buildActionMask = 2147483647;
			files = (
			);
			inputFileListPaths = (
			);
			inputPaths = (
				"${PODS_PODFILE_DIR_PATH}/Podfile.lock",
				"${PODS_ROOT}/Manifest.lock",
			);
			name = "[CP] Check Pods Manifest.lock";
			outputFileListPaths = (
			);
			outputPaths = (
				"$(DERIVED_FILE_DIR)/Pods-Willcommen-checkManifestLockResult.txt",
			);
			runOnlyForDeploymentPostprocessing = 0;
			shellPath = /bin/sh;
			shellScript = "diff \"${PODS_PODFILE_DIR_PATH}/Podfile.lock\" \"${PODS_ROOT}/Manifest.lock\" > /dev/null\nif [ $? != 0 ] ; then\n    # print error to STDERR\n    echo \"error: The sandbox is not in sync with the Podfile.lock. Run 'pod install' or update your CocoaPods installation.\" >&2\n    exit 1\nfi\n# This output is used by Xcode 'outputs' to avoid re-running this script phase.\necho \"SUCCESS\" > \"${SCRIPT_OUTPUT_FILE_0}\"\n";
			showEnvVarsInLog = 0;
		};
		6856BA59DDF3A2733053154D /* [CP] Embed Pods Frameworks */ = {
			isa = PBXShellScriptBuildPhase;
			buildActionMask = 2147483647;
			files = (
			);
			inputFileListPaths = (
				"${PODS_ROOT}/Target Support Files/Pods-Willcommen/Pods-Willcommen-frameworks-${CONFIGURATION}-input-files.xcfilelist",
			);
			name = "[CP] Embed Pods Frameworks";
			outputFileListPaths = (
				"${PODS_ROOT}/Target Support Files/Pods-Willcommen/Pods-Willcommen-frameworks-${CONFIGURATION}-output-files.xcfilelist",
			);
			runOnlyForDeploymentPostprocessing = 0;
			shellPath = /bin/sh;
			shellScript = "\"${PODS_ROOT}/Target Support Files/Pods-Willcommen/Pods-Willcommen-frameworks.sh\"\n";
			showEnvVarsInLog = 0;
		};
/* End PBXShellScriptBuildPhase section */

/* Begin PBXSourcesBuildPhase section */
		D1ACDA12264EE3E200779D00 /* Sources */ = {
			isa = PBXSourcesBuildPhase;
			buildActionMask = 2147483647;
			files = (
				D1ACDA1E264EE3E200779D00 /* WelcomeVC.swift in Sources */,
				D16CD2A12651943600B5B9B9 /* MessagesVC.swift in Sources */,
				D16CD2A92651991E00B5B9B9 /* PassresetSignVC.swift in Sources */,
				D1AB19C8267B99E10019E6EE /* ChatModels.swift in Sources */,
				D1147BF4265364B400A0E533 /* UserImagesColl.swift in Sources */,
				D1ACDA3A264F276D00779D00 /* ButtonExtension.swift in Sources */,
				D1147BF22653647200A0E533 /* UserImagescell.swift in Sources */,
				D1147BF62653661500A0E533 /* customnav.swift in Sources */,
				D11282E6267B46E80023F490 /* MessageDetailvc.swift in Sources */,
				D1ACDA34264EFD5F00779D00 /* SignupVC.swift in Sources */,
				D1ACDA36264F01C900779D00 /* CustomTxtField.swift in Sources */,
				D16CD29D2651747200B5B9B9 /* SigninVC.swift in Sources */,
				D1ACDA38264F0A4700779D00 /* CustomBtn.swift in Sources */,
				D10D281F2654DBED00ACE855 /* Messagecell.swift in Sources */,
				D16CD29F26517FA500B5B9B9 /* ForgotpassVC.swift in Sources */,
				D16CD2A32651945500B5B9B9 /* CallsVC.swift in Sources */,
				D1ACDA1A264EE3E200779D00 /* AppDelegate.swift in Sources */,
				D16CD2A52651946C00B5B9B9 /* CameraVC.swift in Sources */,
				D1ACDA1C264EE3E200779D00 /* SceneDelegate.swift in Sources */,
				D10D281A2654D1BF00ACE855 /* CircleImage.swift in Sources */,
				D1ACDA2F264EF59F00779D00 /* Gradient.swift in Sources */,
				D16CD2A72651948100B5B9B9 /* SettingsVC.swift in Sources */,
				D10D28182654CDBC00ACE855 /* AppUser.swift in Sources */,
			);
			runOnlyForDeploymentPostprocessing = 0;
		};
/* End PBXSourcesBuildPhase section */

/* Begin PBXVariantGroup section */
		D1ACDA1F264EE3E200779D00 /* Main.storyboard */ = {
			isa = PBXVariantGroup;
			children = (
				D1ACDA20264EE3E200779D00 /* Base */,
			);
			name = Main.storyboard;
			sourceTree = "<group>";
		};
		D1ACDA24264EE3E400779D00 /* LaunchScreen.storyboard */ = {
			isa = PBXVariantGroup;
			children = (
				D1ACDA25264EE3E400779D00 /* Base */,
			);
			name = LaunchScreen.storyboard;
			sourceTree = "<group>";
		};
/* End PBXVariantGroup section */

/* Begin XCBuildConfiguration section */
		D1ACDA28264EE3E400779D00 /* Debug */ = {
			isa = XCBuildConfiguration;
			buildSettings = {
				ALWAYS_SEARCH_USER_PATHS = NO;
				CLANG_ANALYZER_NONNULL = YES;
				CLANG_ANALYZER_NUMBER_OBJECT_CONVERSION = YES_AGGRESSIVE;
				CLANG_CXX_LANGUAGE_STANDARD = "gnu++14";
				CLANG_CXX_LIBRARY = "libc++";
				CLANG_ENABLE_MODULES = YES;
				CLANG_ENABLE_OBJC_ARC = YES;
				CLANG_ENABLE_OBJC_WEAK = YES;
				CLANG_WARN_BLOCK_CAPTURE_AUTORELEASING = YES;
				CLANG_WARN_BOOL_CONVERSION = YES;
				CLANG_WARN_COMMA = YES;
				CLANG_WARN_CONSTANT_CONVERSION = YES;
				CLANG_WARN_DEPRECATED_OBJC_IMPLEMENTATIONS = YES;
				CLANG_WARN_DIRECT_OBJC_ISA_USAGE = YES_ERROR;
				CLANG_WARN_DOCUMENTATION_COMMENTS = YES;
				CLANG_WARN_EMPTY_BODY = YES;
				CLANG_WARN_ENUM_CONVERSION = YES;
				CLANG_WARN_INFINITE_RECURSION = YES;
				CLANG_WARN_INT_CONVERSION = YES;
				CLANG_WARN_NON_LITERAL_NULL_CONVERSION = YES;
				CLANG_WARN_OBJC_IMPLICIT_RETAIN_SELF = YES;
				CLANG_WARN_OBJC_LITERAL_CONVERSION = YES;
				CLANG_WARN_OBJC_ROOT_CLASS = YES_ERROR;
				CLANG_WARN_RANGE_LOOP_ANALYSIS = YES;
				CLANG_WARN_STRICT_PROTOTYPES = YES;
				CLANG_WARN_SUSPICIOUS_MOVE = YES;
				CLANG_WARN_UNGUARDED_AVAILABILITY = YES_AGGRESSIVE;
				CLANG_WARN_UNREACHABLE_CODE = YES;
				CLANG_WARN__DUPLICATE_METHOD_MATCH = YES;
				COPY_PHASE_STRIP = NO;
				DEBUG_INFORMATION_FORMAT = dwarf;
				ENABLE_STRICT_OBJC_MSGSEND = YES;
				ENABLE_TESTABILITY = YES;
				GCC_C_LANGUAGE_STANDARD = gnu11;
				GCC_DYNAMIC_NO_PIC = NO;
				GCC_NO_COMMON_BLOCKS = YES;
				GCC_OPTIMIZATION_LEVEL = 0;
				GCC_PREPROCESSOR_DEFINITIONS = (
					"DEBUG=1",
					"$(inherited)",
				);
				GCC_WARN_64_TO_32_BIT_CONVERSION = YES;
				GCC_WARN_ABOUT_RETURN_TYPE = YES_ERROR;
				GCC_WARN_UNDECLARED_SELECTOR = YES;
				GCC_WARN_UNINITIALIZED_AUTOS = YES_AGGRESSIVE;
				GCC_WARN_UNUSED_FUNCTION = YES;
				GCC_WARN_UNUSED_VARIABLE = YES;
				IPHONEOS_DEPLOYMENT_TARGET = 13.2;
				MTL_ENABLE_DEBUG_INFO = INCLUDE_SOURCE;
				MTL_FAST_MATH = YES;
				ONLY_ACTIVE_ARCH = YES;
				SDKROOT = iphoneos;
				SWIFT_ACTIVE_COMPILATION_CONDITIONS = DEBUG;
				SWIFT_OPTIMIZATION_LEVEL = "-Onone";
			};
			name = Debug;
		};
		D1ACDA29264EE3E400779D00 /* Release */ = {
			isa = XCBuildConfiguration;
			buildSettings = {
				ALWAYS_SEARCH_USER_PATHS = NO;
				CLANG_ANALYZER_NONNULL = YES;
				CLANG_ANALYZER_NUMBER_OBJECT_CONVERSION = YES_AGGRESSIVE;
				CLANG_CXX_LANGUAGE_STANDARD = "gnu++14";
				CLANG_CXX_LIBRARY = "libc++";
				CLANG_ENABLE_MODULES = YES;
				CLANG_ENABLE_OBJC_ARC = YES;
				CLANG_ENABLE_OBJC_WEAK = YES;
				CLANG_WARN_BLOCK_CAPTURE_AUTORELEASING = YES;
				CLANG_WARN_BOOL_CONVERSION = YES;
				CLANG_WARN_COMMA = YES;
				CLANG_WARN_CONSTANT_CONVERSION = YES;
				CLANG_WARN_DEPRECATED_OBJC_IMPLEMENTATIONS = YES;
				CLANG_WARN_DIRECT_OBJC_ISA_USAGE = YES_ERROR;
				CLANG_WARN_DOCUMENTATION_COMMENTS = YES;
				CLANG_WARN_EMPTY_BODY = YES;
				CLANG_WARN_ENUM_CONVERSION = YES;
				CLANG_WARN_INFINITE_RECURSION = YES;
				CLANG_WARN_INT_CONVERSION = YES;
				CLANG_WARN_NON_LITERAL_NULL_CONVERSION = YES;
				CLANG_WARN_OBJC_IMPLICIT_RETAIN_SELF = YES;
				CLANG_WARN_OBJC_LITERAL_CONVERSION = YES;
				CLANG_WARN_OBJC_ROOT_CLASS = YES_ERROR;
				CLANG_WARN_RANGE_LOOP_ANALYSIS = YES;
				CLANG_WARN_STRICT_PROTOTYPES = YES;
				CLANG_WARN_SUSPICIOUS_MOVE = YES;
				CLANG_WARN_UNGUARDED_AVAILABILITY = YES_AGGRESSIVE;
				CLANG_WARN_UNREACHABLE_CODE = YES;
				CLANG_WARN__DUPLICATE_METHOD_MATCH = YES;
				COPY_PHASE_STRIP = NO;
				DEBUG_INFORMATION_FORMAT = "dwarf-with-dsym";
				ENABLE_NS_ASSERTIONS = NO;
				ENABLE_STRICT_OBJC_MSGSEND = YES;
				GCC_C_LANGUAGE_STANDARD = gnu11;
				GCC_NO_COMMON_BLOCKS = YES;
				GCC_WARN_64_TO_32_BIT_CONVERSION = YES;
				GCC_WARN_ABOUT_RETURN_TYPE = YES_ERROR;
				GCC_WARN_UNDECLARED_SELECTOR = YES;
				GCC_WARN_UNINITIALIZED_AUTOS = YES_AGGRESSIVE;
				GCC_WARN_UNUSED_FUNCTION = YES;
				GCC_WARN_UNUSED_VARIABLE = YES;
				IPHONEOS_DEPLOYMENT_TARGET = 13.2;
				MTL_ENABLE_DEBUG_INFO = NO;
				MTL_FAST_MATH = YES;
				SDKROOT = iphoneos;
				SWIFT_COMPILATION_MODE = wholemodule;
				SWIFT_OPTIMIZATION_LEVEL = "-O";
				VALIDATE_PRODUCT = YES;
			};
			name = Release;
		};
		D1ACDA2B264EE3E400779D00 /* Debug */ = {
			isa = XCBuildConfiguration;
			baseConfigurationReference = CDCF81A4DED080A37ED7C4F5 /* Pods-Willcommen.debug.xcconfig */;
			buildSettings = {
				ASSETCATALOG_COMPILER_APPICON_NAME = AppIcon;
				CODE_SIGN_STYLE = Automatic;
				INFOPLIST_FILE = Willcommen/Info.plist;
				LD_RUNPATH_SEARCH_PATHS = (
					"$(inherited)",
					"@executable_path/Frameworks",
				);
				PRODUCT_BUNDLE_IDENTIFIER = commen.Willcommen;
				PRODUCT_NAME = "$(TARGET_NAME)";
				SWIFT_VERSION = 5.0;
				TARGETED_DEVICE_FAMILY = "1,2";
			};
			name = Debug;
		};
		D1ACDA2C264EE3E400779D00 /* Release */ = {
			isa = XCBuildConfiguration;
			baseConfigurationReference = 02F4E4BECFB4EF4F237B4887 /* Pods-Willcommen.release.xcconfig */;
			buildSettings = {
				ASSETCATALOG_COMPILER_APPICON_NAME = AppIcon;
				CODE_SIGN_STYLE = Automatic;
				INFOPLIST_FILE = Willcommen/Info.plist;
				LD_RUNPATH_SEARCH_PATHS = (
					"$(inherited)",
					"@executable_path/Frameworks",
				);
				PRODUCT_BUNDLE_IDENTIFIER = commen.Willcommen;
				PRODUCT_NAME = "$(TARGET_NAME)";
				SWIFT_VERSION = 5.0;
				TARGETED_DEVICE_FAMILY = "1,2";
			};
			name = Release;
		};
/* End XCBuildConfiguration section */

/* Begin XCConfigurationList section */
		D1ACDA11264EE3E200779D00 /* Build configuration list for PBXProject "Willcommen" */ = {
			isa = XCConfigurationList;
			buildConfigurations = (
				D1ACDA28264EE3E400779D00 /* Debug */,
				D1ACDA29264EE3E400779D00 /* Release */,
			);
			defaultConfigurationIsVisible = 0;
			defaultConfigurationName = Release;
		};
		D1ACDA2A264EE3E400779D00 /* Build configuration list for PBXNativeTarget "Willcommen" */ = {
			isa = XCConfigurationList;
			buildConfigurations = (
				D1ACDA2B264EE3E400779D00 /* Debug */,
				D1ACDA2C264EE3E400779D00 /* Release */,
			);
			defaultConfigurationIsVisible = 0;
			defaultConfigurationName = Release;
		};
/* End XCConfigurationList section */
	};
	rootObject = D1ACDA0E264EE3E200779D00 /* Project object */;
}
